
Microsoft Visual Studio Solution File, Format Version 12.00
# Visual Studio Version 17
VisualStudioVersion = 17.5.002.0
MinimumVisualStudioVersion = 10.0.40219.1
Project("{9A19103F-16F7-4668-BE54-9A1E7A4F7556}") = "MentatsPlaygroud", "MentatsPlaygroud.csproj", "{B3B4EE90-F403-413C-B6B3-2B7DF37173F9}"
EndProject
Global
	GlobalSection(SolutionConfigurationPlatforms) = preSolution
		Debug|Any CPU = Debug|Any CPU
		Release|Any CPU = Release|Any CPU
	EndGlobalSection
	GlobalSection(ProjectConfigurationPlatforms) = postSolution
		{B3B4EE90-F403-413C-B6B3-2B7DF37173F9}.Debug|Any CPU.ActiveCfg = Debug|Any CPU
		{B3B4EE90-F403-413C-B6B3-2B7DF37173F9}.Debug|Any CPU.Build.0 = Debug|Any CPU
		{B3B4EE90-F403-413C-B6B3-2B7DF37173F9}.Release|Any CPU.ActiveCfg = Release|Any CPU
		{B3B4EE90-F403-413C-B6B3-2B7DF37173F9}.Release|Any CPU.Build.0 = Release|Any CPU
	EndGlobalSection
	GlobalSection(SolutionProperties) = preSolution
		HideSolutionNode = FALSE
	EndGlobalSection
	GlobalSection(ExtensibilityGlobals) = postSolution
		SolutionGuid = {A001DAE8-42E0-4E7D-9B5F-F5F15432F85D}
	EndGlobalSection
EndGlobal
